// !$*UTF8*$!
{
	archiveVersion = 1;
	classes = {
	};
	objectVersion = 50;
	objects = {

/* Begin PBXBuildFile section */
		5A38DAD57FCF545983A7D931 /* Pods_Little_Oppy.framework in Frameworks */ = {isa = PBXBuildFile; fileRef = 2F16576B210C11C019B1EC0A /* Pods_Little_Oppy.framework */; };
		7FA993772270FEDF00346900 /* AppDelegate.swift in Sources */ = {isa = PBXBuildFile; fileRef = 7FA993762270FEDF00346900 /* AppDelegate.swift */; };
		7FA993792270FEDF00346900 /* ViewController.swift in Sources */ = {isa = PBXBuildFile; fileRef = 7FA993782270FEDF00346900 /* ViewController.swift */; };
		7FA9937C2270FEDF00346900 /* Main.storyboard in Resources */ = {isa = PBXBuildFile; fileRef = 7FA9937A2270FEDF00346900 /* Main.storyboard */; };
		7FA9937E2270FEE100346900 /* Assets.xcassets in Resources */ = {isa = PBXBuildFile; fileRef = 7FA9937D2270FEE100346900 /* Assets.xcassets */; };
		7FA993812270FEE100346900 /* LaunchScreen.storyboard in Resources */ = {isa = PBXBuildFile; fileRef = 7FA9937F2270FEE100346900 /* LaunchScreen.storyboard */; };
/* End PBXBuildFile section */

/* Begin PBXFileReference section */
		2F16576B210C11C019B1EC0A /* Pods_Little_Oppy.framework */ = {isa = PBXFileReference; explicitFileType = wrapper.framework; includeInIndex = 0; path = Pods_Little_Oppy.framework; sourceTree = BUILT_PRODUCTS_DIR; };
		3D62D90F6C5DB9242042473C /* Pods-Little Oppy.release.xcconfig */ = {isa = PBXFileReference; includeInIndex = 1; lastKnownFileType = text.xcconfig; name = "Pods-Little Oppy.release.xcconfig"; path = "Target Support Files/Pods-Little Oppy/Pods-Little Oppy.release.xcconfig"; sourceTree = "<group>"; };
		724C8A53EFA164AE4EEE01E4 /* Pods-Little Oppy.debug.xcconfig */ = {isa = PBXFileReference; includeInIndex = 1; lastKnownFileType = text.xcconfig; name = "Pods-Little Oppy.debug.xcconfig"; path = "Target Support Files/Pods-Little Oppy/Pods-Little Oppy.debug.xcconfig"; sourceTree = "<group>"; };
		7FA993732270FEDE00346900 /* Little Oppy.app */ = {isa = PBXFileReference; explicitFileType = wrapper.application; includeInIndex = 0; path = "Little Oppy.app"; sourceTree = BUILT_PRODUCTS_DIR; };
		7FA993762270FEDF00346900 /* AppDelegate.swift */ = {isa = PBXFileReference; lastKnownFileType = sourcecode.swift; path = AppDelegate.swift; sourceTree = "<group>"; };
		7FA993782270FEDF00346900 /* ViewController.swift */ = {isa = PBXFileReference; lastKnownFileType = sourcecode.swift; path = ViewController.swift; sourceTree = "<group>"; };
		7FA9937B2270FEDF00346900 /* Base */ = {isa = PBXFileReference; lastKnownFileType = file.storyboard; name = Base; path = Base.lproj/Main.storyboard; sourceTree = "<group>"; };
		7FA9937D2270FEE100346900 /* Assets.xcassets */ = {isa = PBXFileReference; lastKnownFileType = folder.assetcatalog; path = Assets.xcassets; sourceTree = "<group>"; };
		7FA993802270FEE100346900 /* Base */ = {isa = PBXFileReference; lastKnownFileType = file.storyboard; name = Base; path = Base.lproj/LaunchScreen.storyboard; sourceTree = "<group>"; };
		7FA993822270FEE100346900 /* Info.plist */ = {isa = PBXFileReference; lastKnownFileType = text.plist.xml; path = Info.plist; sourceTree = "<group>"; };
/* End PBXFileReference section */

/* Begin PBXFrameworksBuildPhase section */
		7FA993702270FEDE00346900 /* Frameworks */ = {
			isa = PBXFrameworksBuildPhase;
			buildActionMask = 2147483647;
			files = (
				5A38DAD57FCF545983A7D931 /* Pods_Little_Oppy.framework in Frameworks */,
			);
			runOnlyForDeploymentPostprocessing = 0;
		};
/* End PBXFrameworksBuildPhase section */

/* Begin PBXGroup section */
		414A0648E78BE79A9192F10D /* Frameworks */ = {
			isa = PBXGroup;
			children = (
				2F16576B210C11C019B1EC0A /* Pods_Little_Oppy.framework */,
			);
			name = Frameworks;
			sourceTree = "<group>";
		};
		7FA9936A2270FEDE00346900 = {
			isa = PBXGroup;
			children = (
				7FA993752270FEDF00346900 /* Little Oppy */,
				7FA993742270FEDE00346900 /* Products */,
				FAD967AC8F4590FD0AAF8C5C /* Pods */,
				414A0648E78BE79A9192F10D /* Frameworks */,
			);
			sourceTree = "<group>";
		};
		7FA993742270FEDE00346900 /* Products */ = {
			isa = PBXGroup;
			children = (
				7FA993732270FEDE00346900 /* Little Oppy.app */,
			);
			name = Products;
			sourceTree = "<group>";
		};
		7FA993752270FEDF00346900 /* Little Oppy */ = {
			isa = PBXGroup;
			children = (
				7FA993762270FEDF00346900 /* AppDelegate.swift */,
				7FA993782270FEDF00346900 /* ViewController.swift */,
				7FA9937A2270FEDF00346900 /* Main.storyboard */,
				7FA9937D2270FEE100346900 /* Assets.xcassets */,
				7FA9937F2270FEE100346900 /* LaunchScreen.storyboard */,
				7FA993822270FEE100346900 /* Info.plist */,
			);
			path = "Little Oppy";
			sourceTree = "<group>";
		};
		FAD967AC8F4590FD0AAF8C5C /* Pods */ = {
			isa = PBXGroup;
			children = (
				724C8A53EFA164AE4EEE01E4 /* Pods-Little Oppy.debug.xcconfig */,
				3D62D90F6C5DB9242042473C /* Pods-Little Oppy.release.xcconfig */,
			);
			path = Pods;
			sourceTree = "<group>";
		};
/* End PBXGroup section */

/* Begin PBXNativeTarget section */
		7FA993722270FEDE00346900 /* Little Oppy */ = {
			isa = PBXNativeTarget;
			buildConfigurationList = 7FA993852270FEE100346900 /* Build configuration list for PBXNativeTarget "Little Oppy" */;
			buildPhases = (
				AF0840DCA0B5D59F2A207799 /* [CP] Check Pods Manifest.lock */,
				7FA9936F2270FEDE00346900 /* Sources */,
				7FA993702270FEDE00346900 /* Frameworks */,
				7FA993712270FEDE00346900 /* Resources */,
				0162C2EA57DFDF08E106EC93 /* [CP] Embed Pods Frameworks */,
			);
			buildRules = (
			);
			dependencies = (
			);
			name = "Little Oppy";
			productName = "Little Oppy";
			productReference = 7FA993732270FEDE00346900 /* Little Oppy.app */;
			productType = "com.apple.product-type.application";
		};
/* End PBXNativeTarget section */

/* Begin PBXProject section */
		7FA9936B2270FEDE00346900 /* Project object */ = {
			isa = PBXProject;
			attributes = {
				LastSwiftUpdateCheck = 1010;
				LastUpgradeCheck = 1010;
				ORGANIZATIONNAME = "Gregory Paul Sim";
				TargetAttributes = {
					7FA993722270FEDE00346900 = {
						CreatedOnToolsVersion = 10.1;
					};
				};
			};
			buildConfigurationList = 7FA9936E2270FEDE00346900 /* Build configuration list for PBXProject "Little Oppy" */;
			compatibilityVersion = "Xcode 9.3";
			developmentRegion = en;
			hasScannedForEncodings = 0;
			knownRegions = (
				en,
				Base,
			);
			mainGroup = 7FA9936A2270FEDE00346900;
			productRefGroup = 7FA993742270FEDE00346900 /* Products */;
			projectDirPath = "";
			projectRoot = "";
			targets = (
				7FA993722270FEDE00346900 /* Little Oppy */,
			);
		};
/* End PBXProject section */

/* Begin PBXResourcesBuildPhase section */
		7FA993712270FEDE00346900 /* Resources */ = {
			isa = PBXResourcesBuildPhase;
			buildActionMask = 2147483647;
			files = (
				7FA993812270FEE100346900 /* LaunchScreen.storyboard in Resources */,
				7FA9937E2270FEE100346900 /* Assets.xcassets in Resources */,
				7FA9937C2270FEDF00346900 /* Main.storyboard in Resources */,
			);
			runOnlyForDeploymentPostprocessing = 0;
		};
/* End PBXResourcesBuildPhase section */

/* Begin PBXShellScriptBuildPhase section */
		0162C2EA57DFDF08E106EC93 /* [CP] Embed Pods Frameworks */ = {
			isa = PBXShellScriptBuildPhase;
			buildActionMask = 2147483647;
			files = (
			);
			inputFileListPaths = (
			);
			inputPaths = (
				"${PODS_ROOT}/Target Support Files/Pods-Little Oppy/Pods-Little Oppy-frameworks.sh",
				"${BUILT_PRODUCTS_DIR}/MJPEGStreamLib/MJPEGStreamLib.framework",
				"${BUILT_PRODUCTS_DIR}/Phidget22Swift/Phidget22Swift.framework",
			);
			name = "[CP] Embed Pods Frameworks";
			outputFileListPaths = (
			);
			outputPaths = (
				"${TARGET_BUILD_DIR}/${FRAMEWORKS_FOLDER_PATH}/MJPEGStreamLib.framework",
				"${TARGET_BUILD_DIR}/${FRAMEWORKS_FOLDER_PATH}/Phidget22Swift.framework",
			);
			runOnlyForDeploymentPostprocessing = 0;
			shellPath = /bin/sh;
			shellScript = "\"${PODS_ROOT}/Target Support Files/Pods-Little Oppy/Pods-Little Oppy-frameworks.sh\"\n";
			showEnvVarsInLog = 0;
		};
		AF0840DCA0B5D59F2A207799 /* [CP] Check Pods Manifest.lock */ = {
			isa = PBXShellScriptBuildPhase;
			buildActionMask = 2147483647;
			files = (
			);
			inputFileListPaths = (
			);
			inputPaths = (
				"${PODS_PODFILE_DIR_PATH}/Podfile.lock",
				"${PODS_ROOT}/Manifest.lock",
			);
			name = "[CP] Check Pods Manifest.lock";
			outputFileListPaths = (
			);
			outputPaths = (
				"$(DERIVED_FILE_DIR)/Pods-Little Oppy-checkManifestLockResult.txt",
			);
			runOnlyForDeploymentPostprocessing = 0;
			shellPath = /bin/sh;
			shellScript = "diff \"${PODS_PODFILE_DIR_PATH}/Podfile.lock\" \"${PODS_ROOT}/Manifest.lock\" > /dev/null\nif [ $? != 0 ] ; then\n    # print error to STDERR\n    echo \"error: The sandbox is not in sync with the Podfile.lock. Run 'pod install' or update your CocoaPods installation.\" >&2\n    exit 1\nfi\n# This output is used by Xcode 'outputs' to avoid re-running this script phase.\necho \"SUCCESS\" > \"${SCRIPT_OUTPUT_FILE_0}\"\n";
			showEnvVarsInLog = 0;
		};
/* End PBXShellScriptBuildPhase section */

/* Begin PBXSourcesBuildPhase section */
		7FA9936F2270FEDE00346900 /* Sources */ = {
			isa = PBXSourcesBuildPhase;
			buildActionMask = 2147483647;
			files = (
				7FA993792270FEDF00346900 /* ViewController.swift in Sources */,
				7FA993772270FEDF00346900 /* AppDelegate.swift in Sources */,
			);
			runOnlyForDeploymentPostprocessing = 0;
		};
/* End PBXSourcesBuildPhase section */

/* Begin PBXVariantGroup section */
		7FA9937A2270FEDF00346900 /* Main.storyboard */ = {
			isa = PBXVariantGroup;
			children = (
				7FA9937B2270FEDF00346900 /* Base */,
			);
			name = Main.storyboard;
			sourceTree = "<group>";
		};
		7FA9937F2270FEE100346900 /* LaunchScreen.storyboard */ = {
			isa = PBXVariantGroup;
			children = (
				7FA993802270FEE100346900 /* Base */,
			);
			name = LaunchScreen.storyboard;
			sourceTree = "<group>";
		};
/* End PBXVariantGroup section */

/* Begin XCBuildConfiguration section */
		7FA993832270FEE100346900 /* Debug */ = {
			isa = XCBuildConfiguration;
			buildSettings = {
				ALWAYS_SEARCH_USER_PATHS = NO;
				CLANG_ANALYZER_NONNULL = YES;
				CLANG_ANALYZER_NUMBER_OBJECT_CONVERSION = YES_AGGRESSIVE;
				CLANG_CXX_LANGUAGE_STANDARD = "gnu++14";
				CLANG_CXX_LIBRARY = "libc++";
				CLANG_ENABLE_MODULES = YES;
				CLANG_ENABLE_OBJC_ARC = YES;
				CLANG_ENABLE_OBJC_WEAK = YES;
				CLANG_WARN_BLOCK_CAPTURE_AUTORELEASING = YES;
				CLANG_WARN_BOOL_CONVERSION = YES;
				CLANG_WARN_COMMA = YES;
				CLANG_WARN_CONSTANT_CONVERSION = YES;
				CLANG_WARN_DEPRECATED_OBJC_IMPLEMENTATIONS = YES;
				CLANG_WARN_DIRECT_OBJC_ISA_USAGE = YES_ERROR;
				CLANG_WARN_DOCUMENTATION_COMMENTS = YES;
				CLANG_WARN_EMPTY_BODY = YES;
				CLANG_WARN_ENUM_CONVERSION = YES;
				CLANG_WARN_INFINITE_RECURSION = YES;
				CLANG_WARN_INT_CONVERSION = YES;
				CLANG_WARN_NON_LITERAL_NULL_CONVERSION = YES;
				CLANG_WARN_OBJC_IMPLICIT_RETAIN_SELF = YES;
				CLANG_WARN_OBJC_LITERAL_CONVERSION = YES;
				CLANG_WARN_OBJC_ROOT_CLASS = YES_ERROR;
				CLANG_WARN_RANGE_LOOP_ANALYSIS = YES;
				CLANG_WARN_STRICT_PROTOTYPES = YES;
				CLANG_WARN_SUSPICIOUS_MOVE = YES;
				CLANG_WARN_UNGUARDED_AVAILABILITY = YES_AGGRESSIVE;
				CLANG_WARN_UNREACHABLE_CODE = YES;
				CLANG_WARN__DUPLICATE_METHOD_MATCH = YES;
				CODE_SIGN_IDENTITY = "iPhone Developer";
				COPY_PHASE_STRIP = NO;
				DEBUG_INFORMATION_FORMAT = dwarf;
				ENABLE_STRICT_OBJC_MSGSEND = YES;
				ENABLE_TESTABILITY = YES;
				GCC_C_LANGUAGE_STANDARD = gnu11;
				GCC_DYNAMIC_NO_PIC = NO;
				GCC_NO_COMMON_BLOCKS = YES;
				GCC_OPTIMIZATION_LEVEL = 0;
				GCC_PREPROCESSOR_DEFINITIONS = (
					"DEBUG=1",
					"$(inherited)",
				);
				GCC_WARN_64_TO_32_BIT_CONVERSION = YES;
				GCC_WARN_ABOUT_RETURN_TYPE = YES_ERROR;
				GCC_WARN_UNDECLARED_SELECTOR = YES;
				GCC_WARN_UNINITIALIZED_AUTOS = YES_AGGRESSIVE;
				GCC_WARN_UNUSED_FUNCTION = YES;
				GCC_WARN_UNUSED_VARIABLE = YES;
				IPHONEOS_DEPLOYMENT_TARGET = 12.1;
				MTL_ENABLE_DEBUG_INFO = INCLUDE_SOURCE;
				MTL_FAST_MATH = YES;
				ONLY_ACTIVE_ARCH = YES;
				SDKROOT = iphoneos;
				SWIFT_ACTIVE_COMPILATION_CONDITIONS = DEBUG;
				SWIFT_OPTIMIZATION_LEVEL = "-Onone";
			};
			name = Debug;
		};
		7FA993842270FEE100346900 /* Release */ = {
			isa = XCBuildConfiguration;
			buildSettings = {
				ALWAYS_SEARCH_USER_PATHS = NO;
				CLANG_ANALYZER_NONNULL = YES;
				CLANG_ANALYZER_NUMBER_OBJECT_CONVERSION = YES_AGGRESSIVE;
				CLANG_CXX_LANGUAGE_STANDARD = "gnu++14";
				CLANG_CXX_LIBRARY = "libc++";
				CLANG_ENABLE_MODULES = YES;
				CLANG_ENABLE_OBJC_ARC = YES;
				CLANG_ENABLE_OBJC_WEAK = YES;
				CLANG_WARN_BLOCK_CAPTURE_AUTORELEASING = YES;
				CLANG_WARN_BOOL_CONVERSION = YES;
				CLANG_WARN_COMMA = YES;
				CLANG_WARN_CONSTANT_CONVERSION = YES;
				CLANG_WARN_DEPRECATED_OBJC_IMPLEMENTATIONS = YES;
				CLANG_WARN_DIRECT_OBJC_ISA_USAGE = YES_ERROR;
				CLANG_WARN_DOCUMENTATION_COMMENTS = YES;
				CLANG_WARN_EMPTY_BODY = YES;
				CLANG_WARN_ENUM_CONVERSION = YES;
				CLANG_WARN_INFINITE_RECURSION = YES;
				CLANG_WARN_INT_CONVERSION = YES;
				CLANG_WARN_NON_LITERAL_NULL_CONVERSION = YES;
				CLANG_WARN_OBJC_IMPLICIT_RETAIN_SELF = YES;
				CLANG_WARN_OBJC_LITERAL_CONVERSION = YES;
				CLANG_WARN_OBJC_ROOT_CLASS = YES_ERROR;
				CLANG_WARN_RANGE_LOOP_ANALYSIS = YES;
				CLANG_WARN_STRICT_PROTOTYPES = YES;
				CLANG_WARN_SUSPICIOUS_MOVE = YES;
				CLANG_WARN_UNGUARDED_AVAILABILITY = YES_AGGRESSIVE;
				CLANG_WARN_UNREACHABLE_CODE = YES;
				CLANG_WARN__DUPLICATE_METHOD_MATCH = YES;
				CODE_SIGN_IDENTITY = "iPhone Developer";
				COPY_PHASE_STRIP = NO;
				DEBUG_INFORMATION_FORMAT = "dwarf-with-dsym";
				ENABLE_NS_ASSERTIONS = NO;
				ENABLE_STRICT_OBJC_MSGSEND = YES;
				GCC_C_LANGUAGE_STANDARD = gnu11;
				GCC_NO_COMMON_BLOCKS = YES;
				GCC_WARN_64_TO_32_BIT_CONVERSION = YES;
				GCC_WARN_ABOUT_RETURN_TYPE = YES_ERROR;
				GCC_WARN_UNDECLARED_SELECTOR = YES;
				GCC_WARN_UNINITIALIZED_AUTOS = YES_AGGRESSIVE;
				GCC_WARN_UNUSED_FUNCTION = YES;
				GCC_WARN_UNUSED_VARIABLE = YES;
				IPHONEOS_DEPLOYMENT_TARGET = 12.1;
				MTL_ENABLE_DEBUG_INFO = NO;
				MTL_FAST_MATH = YES;
				SDKROOT = iphoneos;
				SWIFT_COMPILATION_MODE = wholemodule;
				SWIFT_OPTIMIZATION_LEVEL = "-O";
				VALIDATE_PRODUCT = YES;
			};
			name = Release;
		};
		7FA993862270FEE100346900 /* Debug */ = {
			isa = XCBuildConfiguration;
			baseConfigurationReference = 724C8A53EFA164AE4EEE01E4 /* Pods-Little Oppy.debug.xcconfig */;
			buildSettings = {
				ASSETCATALOG_COMPILER_APPICON_NAME = AppIcon;
				CODE_SIGN_STYLE = Automatic;
				INFOPLIST_FILE = "Little Oppy/Info.plist";
				IPHONEOS_DEPLOYMENT_TARGET = 12.1;
				LD_RUNPATH_SEARCH_PATHS = (
					"$(inherited)",
					"@executable_path/Frameworks",
				);
				PRODUCT_BUNDLE_IDENTIFIER = "com.ihavenocluewhatimdoing.Little-Oppy";
				PRODUCT_NAME = "$(TARGET_NAME)";
				SWIFT_VERSION = 4.2;
				TARGETED_DEVICE_FAMILY = "1,2";
			};
			name = Debug;
		};
		7FA993872270FEE100346900 /* Release */ = {
			isa = XCBuildConfiguration;
			baseConfigurationReference = 3D62D90F6C5DB9242042473C /* Pods-Little Oppy.release.xcconfig */;
			buildSettings = {
				ASSETCATALOG_COMPILER_APPICON_NAME = AppIcon;
				CODE_SIGN_STYLE = Automatic;
				INFOPLIST_FILE = "Little Oppy/Info.plist";
				IPHONEOS_DEPLOYMENT_TARGET = 12.1;
				LD_RUNPATH_SEARCH_PATHS = (
					"$(inherited)",
					"@executable_path/Frameworks",
				);
				PRODUCT_BUNDLE_IDENTIFIER = "com.ihavenocluewhatimdoing.Little-Oppy";
				PRODUCT_NAME = "$(TARGET_NAME)";
				SWIFT_VERSION = 4.2;
				TARGETED_DEVICE_FAMILY = "1,2";
			};
			name = Release;
		};
/* End XCBuildConfiguration section */

/* Begin XCConfigurationList section */
		7FA9936E2270FEDE00346900 /* Build configuration list for PBXProject "Little Oppy" */ = {
			isa = XCConfigurationList;
			buildConfigurations = (
				7FA993832270FEE100346900 /* Debug */,
				7FA993842270FEE100346900 /* Release */,
			);
			defaultConfigurationIsVisible = 0;
			defaultConfigurationName = Release;
		};
		7FA993852270FEE100346900 /* Build configuration list for PBXNativeTarget "Little Oppy" */ = {
			isa = XCConfigurationList;
			buildConfigurations = (
				7FA993862270FEE100346900 /* Debug */,
				7FA993872270FEE100346900 /* Release */,
			);
			defaultConfigurationIsVisible = 0;
			defaultConfigurationName = Release;
		};
/* End XCConfigurationList section */
	};
	rootObject = 7FA9936B2270FEDE00346900 /* Project object */;
}
